// !$*UTF8*$!
{
	archiveVersion = 1;
	classes = {
	};
	objectVersion = 55;
	objects = {

/* Begin PBXBuildFile section */
		4AC26CCD27B9759700ECC5F8 /* AppDelegate.swift in Sources */ = {isa = PBXBuildFile; fileRef = 4AC26CCC27B9759700ECC5F8 /* AppDelegate.swift */; };
		4AC26CCF27B9759700ECC5F8 /* SceneDelegate.swift in Sources */ = {isa = PBXBuildFile; fileRef = 4AC26CCE27B9759700ECC5F8 /* SceneDelegate.swift */; };
		4AC26CD127B9759700ECC5F8 /* MainVC.swift in Sources */ = {isa = PBXBuildFile; fileRef = 4AC26CD027B9759700ECC5F8 /* MainVC.swift */; };
		4AC26CD427B9759700ECC5F8 /* Main.storyboard in Resources */ = {isa = PBXBuildFile; fileRef = 4AC26CD227B9759700ECC5F8 /* Main.storyboard */; };
		4AC26CD627B9759800ECC5F8 /* Assets.xcassets in Resources */ = {isa = PBXBuildFile; fileRef = 4AC26CD527B9759800ECC5F8 /* Assets.xcassets */; };
		4AC26CD927B9759800ECC5F8 /* LaunchScreen.storyboard in Resources */ = {isa = PBXBuildFile; fileRef = 4AC26CD727B9759800ECC5F8 /* LaunchScreen.storyboard */; };
		4AC26CE127B975F400ECC5F8 /* BaseTableView.swift in Sources */ = {isa = PBXBuildFile; fileRef = 4AC26CE027B975F400ECC5F8 /* BaseTableView.swift */; };
		4AC26CE627B9768200ECC5F8 /* BaseSectionHeaderView.swift in Sources */ = {isa = PBXBuildFile; fileRef = 4AC26CE527B9768200ECC5F8 /* BaseSectionHeaderView.swift */; };
		4AC26CE927B976BD00ECC5F8 /* SnapKit in Frameworks */ = {isa = PBXBuildFile; productRef = 4AC26CE827B976BD00ECC5F8 /* SnapKit */; };
		4AC26CEB27B976EB00ECC5F8 /* BaseVM.swift in Sources */ = {isa = PBXBuildFile; fileRef = 4AC26CEA27B976EB00ECC5F8 /* BaseVM.swift */; };
		4AC26CEE27B9772300ECC5F8 /* MenuSection.swift in Sources */ = {isa = PBXBuildFile; fileRef = 4AC26CED27B9772300ECC5F8 /* MenuSection.swift */; };
		4AC26CF027B9773E00ECC5F8 /* CellItem.swift in Sources */ = {isa = PBXBuildFile; fileRef = 4AC26CEF27B9773E00ECC5F8 /* CellItem.swift */; };
		4AC26CF327B9778300ECC5F8 /* DisclosureCell.swift in Sources */ = {isa = PBXBuildFile; fileRef = 4AC26CF227B9778300ECC5F8 /* DisclosureCell.swift */; };
		4AC26CF627B977BA00ECC5F8 /* UITableViewCell.swift in Sources */ = {isa = PBXBuildFile; fileRef = 4AC26CF527B977BA00ECC5F8 /* UITableViewCell.swift */; };
		4AC26CF827B977F100ECC5F8 /* UITableView.swift in Sources */ = {isa = PBXBuildFile; fileRef = 4AC26CF727B977F100ECC5F8 /* UITableView.swift */; };
		4AC26CFA27B9782B00ECC5F8 /* MenuItem.swift in Sources */ = {isa = PBXBuildFile; fileRef = 4AC26CF927B9782B00ECC5F8 /* MenuItem.swift */; };
		4AC26CFC27B9786800ECC5F8 /* SwitchCell.swift in Sources */ = {isa = PBXBuildFile; fileRef = 4AC26CFB27B9786800ECC5F8 /* SwitchCell.swift */; };
/* End PBXBuildFile section */

/* Begin PBXFileReference section */
		4AC26CC927B9759700ECC5F8 /* MultiplyTypeCellExample.app */ = {isa = PBXFileReference; explicitFileType = wrapper.application; includeInIndex = 0; path = MultiplyTypeCellExample.app; sourceTree = BUILT_PRODUCTS_DIR; };
		4AC26CCC27B9759700ECC5F8 /* AppDelegate.swift */ = {isa = PBXFileReference; lastKnownFileType = sourcecode.swift; path = AppDelegate.swift; sourceTree = "<group>"; };
		4AC26CCE27B9759700ECC5F8 /* SceneDelegate.swift */ = {isa = PBXFileReference; lastKnownFileType = sourcecode.swift; path = SceneDelegate.swift; sourceTree = "<group>"; };
		4AC26CD027B9759700ECC5F8 /* MainVC.swift */ = {isa = PBXFileReference; lastKnownFileType = sourcecode.swift; path = MainVC.swift; sourceTree = "<group>"; };
		4AC26CD327B9759700ECC5F8 /* Base */ = {isa = PBXFileReference; lastKnownFileType = file.storyboard; name = Base; path = Base.lproj/Main.storyboard; sourceTree = "<group>"; };
		4AC26CD527B9759800ECC5F8 /* Assets.xcassets */ = {isa = PBXFileReference; lastKnownFileType = folder.assetcatalog; path = Assets.xcassets; sourceTree = "<group>"; };
		4AC26CD827B9759800ECC5F8 /* Base */ = {isa = PBXFileReference; lastKnownFileType = file.storyboard; name = Base; path = Base.lproj/LaunchScreen.storyboard; sourceTree = "<group>"; };
		4AC26CDA27B9759800ECC5F8 /* Info.plist */ = {isa = PBXFileReference; lastKnownFileType = text.plist.xml; path = Info.plist; sourceTree = "<group>"; };
		4AC26CE027B975F400ECC5F8 /* BaseTableView.swift */ = {isa = PBXFileReference; lastKnownFileType = sourcecode.swift; path = BaseTableView.swift; sourceTree = "<group>"; };
		4AC26CE527B9768200ECC5F8 /* BaseSectionHeaderView.swift */ = {isa = PBXFileReference; lastKnownFileType = sourcecode.swift; path = BaseSectionHeaderView.swift; sourceTree = "<group>"; };
		4AC26CEA27B976EB00ECC5F8 /* BaseVM.swift */ = {isa = PBXFileReference; lastKnownFileType = sourcecode.swift; path = BaseVM.swift; sourceTree = "<group>"; };
		4AC26CED27B9772300ECC5F8 /* MenuSection.swift */ = {isa = PBXFileReference; lastKnownFileType = sourcecode.swift; path = MenuSection.swift; sourceTree = "<group>"; };
		4AC26CEF27B9773E00ECC5F8 /* CellItem.swift */ = {isa = PBXFileReference; lastKnownFileType = sourcecode.swift; path = CellItem.swift; sourceTree = "<group>"; };
		4AC26CF227B9778300ECC5F8 /* DisclosureCell.swift */ = {isa = PBXFileReference; lastKnownFileType = sourcecode.swift; path = DisclosureCell.swift; sourceTree = "<group>"; };
		4AC26CF527B977BA00ECC5F8 /* UITableViewCell.swift */ = {isa = PBXFileReference; lastKnownFileType = sourcecode.swift; path = UITableViewCell.swift; sourceTree = "<group>"; };
		4AC26CF727B977F100ECC5F8 /* UITableView.swift */ = {isa = PBXFileReference; lastKnownFileType = sourcecode.swift; path = UITableView.swift; sourceTree = "<group>"; };
		4AC26CF927B9782B00ECC5F8 /* MenuItem.swift */ = {isa = PBXFileReference; lastKnownFileType = sourcecode.swift; path = MenuItem.swift; sourceTree = "<group>"; };
		4AC26CFB27B9786800ECC5F8 /* SwitchCell.swift */ = {isa = PBXFileReference; lastKnownFileType = sourcecode.swift; path = SwitchCell.swift; sourceTree = "<group>"; };
/* End PBXFileReference section */

/* Begin PBXFrameworksBuildPhase section */
		4AC26CC627B9759700ECC5F8 /* Frameworks */ = {
			isa = PBXFrameworksBuildPhase;
			buildActionMask = 2147483647;
			files = (
				4AC26CE927B976BD00ECC5F8 /* SnapKit in Frameworks */,
			);
			runOnlyForDeploymentPostprocessing = 0;
		};
/* End PBXFrameworksBuildPhase section */

/* Begin PBXGroup section */
		4AC26CC027B9759700ECC5F8 = {
			isa = PBXGroup;
			children = (
				4AC26CCB27B9759700ECC5F8 /* MultiplyTypeCellExample */,
				4AC26CCA27B9759700ECC5F8 /* Products */,
			);
			sourceTree = "<group>";
		};
		4AC26CCA27B9759700ECC5F8 /* Products */ = {
			isa = PBXGroup;
			children = (
				4AC26CC927B9759700ECC5F8 /* MultiplyTypeCellExample.app */,
			);
			name = Products;
			sourceTree = "<group>";
		};
		4AC26CCB27B9759700ECC5F8 /* MultiplyTypeCellExample */ = {
			isa = PBXGroup;
			children = (
				4AC26CF427B977A600ECC5F8 /* Extensions */,
				4AC26CF127B9777B00ECC5F8 /* Cells */,
				4AC26CEC27B9771000ECC5F8 /* Models */,
				4AC26CE227B9760900ECC5F8 /* Base */,
				4AC26CCC27B9759700ECC5F8 /* AppDelegate.swift */,
				4AC26CCE27B9759700ECC5F8 /* SceneDelegate.swift */,
				4AC26CD027B9759700ECC5F8 /* MainVC.swift */,
				4AC26CD227B9759700ECC5F8 /* Main.storyboard */,
				4AC26CD527B9759800ECC5F8 /* Assets.xcassets */,
				4AC26CD727B9759800ECC5F8 /* LaunchScreen.storyboard */,
				4AC26CDA27B9759800ECC5F8 /* Info.plist */,
			);
			path = MultiplyTypeCellExample;
			sourceTree = "<group>";
		};
		4AC26CE227B9760900ECC5F8 /* Base */ = {
			isa = PBXGroup;
			children = (
				4AC26CE027B975F400ECC5F8 /* BaseTableView.swift */,
				4AC26CE527B9768200ECC5F8 /* BaseSectionHeaderView.swift */,
				4AC26CEA27B976EB00ECC5F8 /* BaseVM.swift */,
			);
			path = Base;
			sourceTree = "<group>";
		};
		4AC26CEC27B9771000ECC5F8 /* Models */ = {
			isa = PBXGroup;
			children = (
				4AC26CED27B9772300ECC5F8 /* MenuSection.swift */,
				4AC26CEF27B9773E00ECC5F8 /* CellItem.swift */,
				4AC26CF927B9782B00ECC5F8 /* MenuItem.swift */,
			);
			path = Models;
			sourceTree = "<group>";
		};
		4AC26CF127B9777B00ECC5F8 /* Cells */ = {
			isa = PBXGroup;
			children = (
				4AC26CF227B9778300ECC5F8 /* DisclosureCell.swift */,
				4AC26CFB27B9786800ECC5F8 /* SwitchCell.swift */,
			);
			path = Cells;
			sourceTree = "<group>";
		};
		4AC26CF427B977A600ECC5F8 /* Extensions */ = {
			isa = PBXGroup;
			children = (
				4AC26CF527B977BA00ECC5F8 /* UITableViewCell.swift */,
				4AC26CF727B977F100ECC5F8 /* UITableView.swift */,
			);
			path = Extensions;
			sourceTree = "<group>";
		};
/* End PBXGroup section */

/* Begin PBXNativeTarget section */
		4AC26CC827B9759700ECC5F8 /* MultiplyTypeCellExample */ = {
			isa = PBXNativeTarget;
			buildConfigurationList = 4AC26CDD27B9759800ECC5F8 /* Build configuration list for PBXNativeTarget "MultiplyTypeCellExample" */;
			buildPhases = (
				4AC26CC527B9759700ECC5F8 /* Sources */,
				4AC26CC627B9759700ECC5F8 /* Frameworks */,
				4AC26CC727B9759700ECC5F8 /* Resources */,
			);
			buildRules = (
			);
			dependencies = (
			);
			name = MultiplyTypeCellExample;
			packageProductDependencies = (
				4AC26CE827B976BD00ECC5F8 /* SnapKit */,
			);
			productName = MultiplyTypeCellExample;
			productReference = 4AC26CC927B9759700ECC5F8 /* MultiplyTypeCellExample.app */;
			productType = "com.apple.product-type.application";
		};
/* End PBXNativeTarget section */

/* Begin PBXProject section */
		4AC26CC127B9759700ECC5F8 /* Project object */ = {
			isa = PBXProject;
			attributes = {
				BuildIndependentTargetsInParallel = 1;
				LastSwiftUpdateCheck = 1320;
				LastUpgradeCheck = 1320;
				TargetAttributes = {
					4AC26CC827B9759700ECC5F8 = {
						CreatedOnToolsVersion = 13.2.1;
					};
				};
			};
			buildConfigurationList = 4AC26CC427B9759700ECC5F8 /* Build configuration list for PBXProject "MultiplyTypeCellExample" */;
			compatibilityVersion = "Xcode 13.0";
			developmentRegion = en;
			hasScannedForEncodings = 0;
			knownRegions = (
				en,
				Base,
			);
			mainGroup = 4AC26CC027B9759700ECC5F8;
			packageReferences = (
				4AC26CE727B976BD00ECC5F8 /* XCRemoteSwiftPackageReference "SnapKit" */,
			);
			productRefGroup = 4AC26CCA27B9759700ECC5F8 /* Products */;
			projectDirPath = "";
			projectRoot = "";
			targets = (
				4AC26CC827B9759700ECC5F8 /* MultiplyTypeCellExample */,
			);
		};
/* End PBXProject section */

/* Begin PBXResourcesBuildPhase section */
		4AC26CC727B9759700ECC5F8 /* Resources */ = {
			isa = PBXResourcesBuildPhase;
			buildActionMask = 2147483647;
			files = (
				4AC26CD927B9759800ECC5F8 /* LaunchScreen.storyboard in Resources */,
				4AC26CD627B9759800ECC5F8 /* Assets.xcassets in Resources */,
				4AC26CD427B9759700ECC5F8 /* Main.storyboard in Resources */,
			);
			runOnlyForDeploymentPostprocessing = 0;
		};
/* End PBXResourcesBuildPhase section */

/* Begin PBXSourcesBuildPhase section */
		4AC26CC527B9759700ECC5F8 /* Sources */ = {
			isa = PBXSourcesBuildPhase;
			buildActionMask = 2147483647;
			files = (
				4AC26CF027B9773E00ECC5F8 /* CellItem.swift in Sources */,
				4AC26CE127B975F400ECC5F8 /* BaseTableView.swift in Sources */,
				4AC26CEB27B976EB00ECC5F8 /* BaseVM.swift in Sources */,
				4AC26CEE27B9772300ECC5F8 /* MenuSection.swift in Sources */,
				4AC26CE627B9768200ECC5F8 /* BaseSectionHeaderView.swift in Sources */,
				4AC26CF627B977BA00ECC5F8 /* UITableViewCell.swift in Sources */,
				4AC26CD127B9759700ECC5F8 /* MainVC.swift in Sources */,
				4AC26CF827B977F100ECC5F8 /* UITableView.swift in Sources */,
				4AC26CCD27B9759700ECC5F8 /* AppDelegate.swift in Sources */,
				4AC26CFA27B9782B00ECC5F8 /* MenuItem.swift in Sources */,
				4AC26CFC27B9786800ECC5F8 /* SwitchCell.swift in Sources */,
				4AC26CF327B9778300ECC5F8 /* DisclosureCell.swift in Sources */,
				4AC26CCF27B9759700ECC5F8 /* SceneDelegate.swift in Sources */,
			);
			runOnlyForDeploymentPostprocessing = 0;
		};
/* End PBXSourcesBuildPhase section */

/* Begin PBXVariantGroup section */
		4AC26CD227B9759700ECC5F8 /* Main.storyboard */ = {
			isa = PBXVariantGroup;
			children = (
				4AC26CD327B9759700ECC5F8 /* Base */,
			);
			name = Main.storyboard;
			sourceTree = "<group>";
		};
		4AC26CD727B9759800ECC5F8 /* LaunchScreen.storyboard */ = {
			isa = PBXVariantGroup;
			children = (
				4AC26CD827B9759800ECC5F8 /* Base */,
			);
			name = LaunchScreen.storyboard;
			sourceTree = "<group>";
		};
/* End PBXVariantGroup section */

/* Begin XCBuildConfiguration section */
		4AC26CDB27B9759800ECC5F8 /* Debug */ = {
			isa = XCBuildConfiguration;
			buildSettings = {
				ALWAYS_SEARCH_USER_PATHS = NO;
				CLANG_ANALYZER_NONNULL = YES;
				CLANG_ANALYZER_NUMBER_OBJECT_CONVERSION = YES_AGGRESSIVE;
				CLANG_CXX_LANGUAGE_STANDARD = "gnu++17";
				CLANG_CXX_LIBRARY = "libc++";
				CLANG_ENABLE_MODULES = YES;
				CLANG_ENABLE_OBJC_ARC = YES;
				CLANG_ENABLE_OBJC_WEAK = YES;
				CLANG_WARN_BLOCK_CAPTURE_AUTORELEASING = YES;
				CLANG_WARN_BOOL_CONVERSION = YES;
				CLANG_WARN_COMMA = YES;
				CLANG_WARN_CONSTANT_CONVERSION = YES;
				CLANG_WARN_DEPRECATED_OBJC_IMPLEMENTATIONS = YES;
				CLANG_WARN_DIRECT_OBJC_ISA_USAGE = YES_ERROR;
				CLANG_WARN_DOCUMENTATION_COMMENTS = YES;
				CLANG_WARN_EMPTY_BODY = YES;
				CLANG_WARN_ENUM_CONVERSION = YES;
				CLANG_WARN_INFINITE_RECURSION = YES;
				CLANG_WARN_INT_CONVERSION = YES;
				CLANG_WARN_NON_LITERAL_NULL_CONVERSION = YES;
				CLANG_WARN_OBJC_IMPLICIT_RETAIN_SELF = YES;
				CLANG_WARN_OBJC_LITERAL_CONVERSION = YES;
				CLANG_WARN_OBJC_ROOT_CLASS = YES_ERROR;
				CLANG_WARN_QUOTED_INCLUDE_IN_FRAMEWORK_HEADER = YES;
				CLANG_WARN_RANGE_LOOP_ANALYSIS = YES;
				CLANG_WARN_STRICT_PROTOTYPES = YES;
				CLANG_WARN_SUSPICIOUS_MOVE = YES;
				CLANG_WARN_UNGUARDED_AVAILABILITY = YES_AGGRESSIVE;
				CLANG_WARN_UNREACHABLE_CODE = YES;
				CLANG_WARN__DUPLICATE_METHOD_MATCH = YES;
				COPY_PHASE_STRIP = NO;
				DEBUG_INFORMATION_FORMAT = dwarf;
				ENABLE_STRICT_OBJC_MSGSEND = YES;
				ENABLE_TESTABILITY = YES;
				GCC_C_LANGUAGE_STANDARD = gnu11;
				GCC_DYNAMIC_NO_PIC = NO;
				GCC_NO_COMMON_BLOCKS = YES;
				GCC_OPTIMIZATION_LEVEL = 0;
				GCC_PREPROCESSOR_DEFINITIONS = (
					"DEBUG=1",
					"$(inherited)",
				);
				GCC_WARN_64_TO_32_BIT_CONVERSION = YES;
				GCC_WARN_ABOUT_RETURN_TYPE = YES_ERROR;
				GCC_WARN_UNDECLARED_SELECTOR = YES;
				GCC_WARN_UNINITIALIZED_AUTOS = YES_AGGRESSIVE;
				GCC_WARN_UNUSED_FUNCTION = YES;
				GCC_WARN_UNUSED_VARIABLE = YES;
				IPHONEOS_DEPLOYMENT_TARGET = 15.2;
				MTL_ENABLE_DEBUG_INFO = INCLUDE_SOURCE;
				MTL_FAST_MATH = YES;
				ONLY_ACTIVE_ARCH = YES;
				SDKROOT = iphoneos;
				SWIFT_ACTIVE_COMPILATION_CONDITIONS = DEBUG;
				SWIFT_OPTIMIZATION_LEVEL = "-Onone";
			};
			name = Debug;
		};
		4AC26CDC27B9759800ECC5F8 /* Release */ = {
			isa = XCBuildConfiguration;
			buildSettings = {
				ALWAYS_SEARCH_USER_PATHS = NO;
				CLANG_ANALYZER_NONNULL = YES;
				CLANG_ANALYZER_NUMBER_OBJECT_CONVERSION = YES_AGGRESSIVE;
				CLANG_CXX_LANGUAGE_STANDARD = "gnu++17";
				CLANG_CXX_LIBRARY = "libc++";
				CLANG_ENABLE_MODULES = YES;
				CLANG_ENABLE_OBJC_ARC = YES;
				CLANG_ENABLE_OBJC_WEAK = YES;
				CLANG_WARN_BLOCK_CAPTURE_AUTORELEASING = YES;
				CLANG_WARN_BOOL_CONVERSION = YES;
				CLANG_WARN_COMMA = YES;
				CLANG_WARN_CONSTANT_CONVERSION = YES;
				CLANG_WARN_DEPRECATED_OBJC_IMPLEMENTATIONS = YES;
				CLANG_WARN_DIRECT_OBJC_ISA_USAGE = YES_ERROR;
				CLANG_WARN_DOCUMENTATION_COMMENTS = YES;
				CLANG_WARN_EMPTY_BODY = YES;
				CLANG_WARN_ENUM_CONVERSION = YES;
				CLANG_WARN_INFINITE_RECURSION = YES;
				CLANG_WARN_INT_CONVERSION = YES;
				CLANG_WARN_NON_LITERAL_NULL_CONVERSION = YES;
				CLANG_WARN_OBJC_IMPLICIT_RETAIN_SELF = YES;
				CLANG_WARN_OBJC_LITERAL_CONVERSION = YES;
				CLANG_WARN_OBJC_ROOT_CLASS = YES_ERROR;
				CLANG_WARN_QUOTED_INCLUDE_IN_FRAMEWORK_HEADER = YES;
				CLANG_WARN_RANGE_LOOP_ANALYSIS = YES;
				CLANG_WARN_STRICT_PROTOTYPES = YES;
				CLANG_WARN_SUSPICIOUS_MOVE = YES;
				CLANG_WARN_UNGUARDED_AVAILABILITY = YES_AGGRESSIVE;
				CLANG_WARN_UNREACHABLE_CODE = YES;
				CLANG_WARN__DUPLICATE_METHOD_MATCH = YES;
				COPY_PHASE_STRIP = NO;
				DEBUG_INFORMATION_FORMAT = "dwarf-with-dsym";
				ENABLE_NS_ASSERTIONS = NO;
				ENABLE_STRICT_OBJC_MSGSEND = YES;
				GCC_C_LANGUAGE_STANDARD = gnu11;
				GCC_NO_COMMON_BLOCKS = YES;
				GCC_WARN_64_TO_32_BIT_CONVERSION = YES;
				GCC_WARN_ABOUT_RETURN_TYPE = YES_ERROR;
				GCC_WARN_UNDECLARED_SELECTOR = YES;
				GCC_WARN_UNINITIALIZED_AUTOS = YES_AGGRESSIVE;
				GCC_WARN_UNUSED_FUNCTION = YES;
				GCC_WARN_UNUSED_VARIABLE = YES;
				IPHONEOS_DEPLOYMENT_TARGET = 15.2;
				MTL_ENABLE_DEBUG_INFO = NO;
				MTL_FAST_MATH = YES;
				SDKROOT = iphoneos;
				SWIFT_COMPILATION_MODE = wholemodule;
				SWIFT_OPTIMIZATION_LEVEL = "-O";
				VALIDATE_PRODUCT = YES;
			};
			name = Release;
		};
		4AC26CDE27B9759800ECC5F8 /* Debug */ = {
			isa = XCBuildConfiguration;
			buildSettings = {
				ASSETCATALOG_COMPILER_APPICON_NAME = AppIcon;
				ASSETCATALOG_COMPILER_GLOBAL_ACCENT_COLOR_NAME = AccentColor;
				CODE_SIGN_STYLE = Automatic;
				CURRENT_PROJECT_VERSION = 1;
				DEVELOPMENT_TEAM = KL63K8TBN2;
				GENERATE_INFOPLIST_FILE = YES;
				INFOPLIST_FILE = MultiplyTypeCellExample/Info.plist;
				INFOPLIST_KEY_UIApplicationSupportsIndirectInputEvents = YES;
				INFOPLIST_KEY_UILaunchStoryboardName = LaunchScreen;
				INFOPLIST_KEY_UIMainStoryboardFile = Main;
				INFOPLIST_KEY_UISupportedInterfaceOrientations_iPad = "UIInterfaceOrientationPortrait UIInterfaceOrientationPortraitUpsideDown UIInterfaceOrientationLandscapeLeft UIInterfaceOrientationLandscapeRight";
				INFOPLIST_KEY_UISupportedInterfaceOrientations_iPhone = "UIInterfaceOrientationPortrait UIInterfaceOrientationLandscapeLeft UIInterfaceOrientationLandscapeRight";
				LD_RUNPATH_SEARCH_PATHS = (
					"$(inherited)",
					"@executable_path/Frameworks",
				);
				MARKETING_VERSION = 1.0;
				PRODUCT_BUNDLE_IDENTIFIER = com.demothreen.MultiplyTypeCellExample;
				PRODUCT_NAME = "$(TARGET_NAME)";
				SWIFT_EMIT_LOC_STRINGS = YES;
				SWIFT_VERSION = 5.0;
				TARGETED_DEVICE_FAMILY = "1,2";
			};
			name = Debug;
		};
		4AC26CDF27B9759800ECC5F8 /* Release */ = {
			isa = XCBuildConfiguration;
			buildSettings = {
				ASSETCATALOG_COMPILER_APPICON_NAME = AppIcon;
				ASSETCATALOG_COMPILER_GLOBAL_ACCENT_COLOR_NAME = AccentColor;
				CODE_SIGN_STYLE = Automatic;
				CURRENT_PROJECT_VERSION = 1;
				DEVELOPMENT_TEAM = KL63K8TBN2;
				GENERATE_INFOPLIST_FILE = YES;
				INFOPLIST_FILE = MultiplyTypeCellExample/Info.plist;
				INFOPLIST_KEY_UIApplicationSupportsIndirectInputEvents = YES;
				INFOPLIST_KEY_UILaunchStoryboardName = LaunchScreen;
				INFOPLIST_KEY_UIMainStoryboardFile = Main;
				INFOPLIST_KEY_UISupportedInterfaceOrientations_iPad = "UIInterfaceOrientationPortrait UIInterfaceOrientationPortraitUpsideDown UIInterfaceOrientationLandscapeLeft UIInterfaceOrientationLandscapeRight";
				INFOPLIST_KEY_UISupportedInterfaceOrientations_iPhone = "UIInterfaceOrientationPortrait UIInterfaceOrientationLandscapeLeft UIInterfaceOrientationLandscapeRight";
				LD_RUNPATH_SEARCH_PATHS = (
					"$(inherited)",
					"@executable_path/Frameworks",
				);
				MARKETING_VERSION = 1.0;
				PRODUCT_BUNDLE_IDENTIFIER = com.demothreen.MultiplyTypeCellExample;
				PRODUCT_NAME = "$(TARGET_NAME)";
				SWIFT_EMIT_LOC_STRINGS = YES;
				SWIFT_VERSION = 5.0;
				TARGETED_DEVICE_FAMILY = "1,2";
			};
			name = Release;
		};
/* End XCBuildConfiguration section */

/* Begin XCConfigurationList section */
		4AC26CC427B9759700ECC5F8 /* Build configuration list for PBXProject "MultiplyTypeCellExample" */ = {
			isa = XCConfigurationList;
			buildConfigurations = (
				4AC26CDB27B9759800ECC5F8 /* Debug */,
				4AC26CDC27B9759800ECC5F8 /* Release */,
			);
			defaultConfigurationIsVisible = 0;
			defaultConfigurationName = Release;
		};
		4AC26CDD27B9759800ECC5F8 /* Build configuration list for PBXNativeTarget "MultiplyTypeCellExample" */ = {
			isa = XCConfigurationList;
			buildConfigurations = (
				4AC26CDE27B9759800ECC5F8 /* Debug */,
				4AC26CDF27B9759800ECC5F8 /* Release */,
			);
			defaultConfigurationIsVisible = 0;
			defaultConfigurationName = Release;
		};
/* End XCConfigurationList section */

/* Begin XCRemoteSwiftPackageReference section */
		4AC26CE727B976BD00ECC5F8 /* XCRemoteSwiftPackageReference "SnapKit" */ = {
			isa = XCRemoteSwiftPackageReference;
			repositoryURL = "https://github.com/SnapKit/SnapKit.git";
			requirement = {
				kind = upToNextMajorVersion;
				minimumVersion = 5.0.1;
			};
		};
/* End XCRemoteSwiftPackageReference section */

/* Begin XCSwiftPackageProductDependency section */
		4AC26CE827B976BD00ECC5F8 /* SnapKit */ = {
			isa = XCSwiftPackageProductDependency;
			package = 4AC26CE727B976BD00ECC5F8 /* XCRemoteSwiftPackageReference "SnapKit" */;
			productName = SnapKit;
		};
/* End XCSwiftPackageProductDependency section */
	};
	rootObject = 4AC26CC127B9759700ECC5F8 /* Project object */;
}
